
Microsoft Visual Studio Solution File, Format Version 12.00
# Visual Studio Version 16
VisualStudioVersion = 16.0.31729.503
MinimumVisualStudioVersion = 10.0.40219.1
Project("{FAE04EC0-301F-11D3-BF4B-00C04F79EFBC}") = "DesignPattern", "DesignPattern.csproj", "{338BC1E5-3364-4004-AA7C-DFAE3E967ED5}"
EndProject
Global
	GlobalSection(SolutionConfigurationPlatforms) = preSolution
		Debug|Any CPU = Debug|Any CPU
		Release|Any CPU = Release|Any CPU
	EndGlobalSection
	GlobalSection(ProjectConfigurationPlatforms) = postSolution
		{338BC1E5-3364-4004-AA7C-DFAE3E967ED5}.Debug|Any CPU.ActiveCfg = Debug|Any CPU
		{338BC1E5-3364-4004-AA7C-DFAE3E967ED5}.Debug|Any CPU.Build.0 = Debug|Any CPU
		{338BC1E5-3364-4004-AA7C-DFAE3E967ED5}.Release|Any CPU.ActiveCfg = Release|Any CPU
		{338BC1E5-3364-4004-AA7C-DFAE3E967ED5}.Release|Any CPU.Build.0 = Release|Any CPU
	EndGlobalSection
	GlobalSection(SolutionProperties) = preSolution
		HideSolutionNode = FALSE
	EndGlobalSection
	GlobalSection(ExtensibilityGlobals) = postSolution
		SolutionGuid = {F0D0E650-8F3D-4C1D-BFDF-04F53F72DB5D}
	EndGlobalSection
EndGlobal
